
Microsoft Visual Studio Solution File, Format Version 11.00
# Visual Studio 2010
Project("{8BC9CEB8-8B4A-11D0-8D11-00A0C91BC942}") = "GameClient", "GameClient\GameClient.vcxproj", "{D5027843-4F1D-4929-ACE3-60C4C95C591E}"
EndProject
Global
	GlobalSection(SolutionConfigurationPlatforms) = preSolution
		Debug|Win32 = Debug|Win32
		Release|Win32 = Release|Win32
	EndGlobalSection
	GlobalSection(ProjectConfigurationPlatforms) = postSolution
		{D5027843-4F1D-4929-ACE3-60C4C95C591E}.Debug|Win32.ActiveCfg = Debug|Win32
		{D5027843-4F1D-4929-ACE3-60C4C95C591E}.Debug|Win32.Build.0 = Debug|Win32
		{D5027843-4F1D-4929-ACE3-60C4C95C591E}.Release|Win32.ActiveCfg = Release|Win32
		{D5027843-4F1D-4929-ACE3-60C4C95C591E}.Release|Win32.Build.0 = Release|Win32
	EndGlobalSection
	GlobalSection(SolutionProperties) = preSolution
		HideSolutionNode = FALSE
	EndGlobalSection
EndGlobal
