<?xml version="1.0" encoding="utf-8"?>
<Project ToolsVersion="4.0" xmlns="http://schemas.microsoft.com/developer/msbuild/2003">
  <ItemGroup>
    <Filter Include="Source Files">
      <UniqueIdentifier>{4FC737F1-C7A5-4376-A066-2A32D752A2FF}</UniqueIdentifier>
      <Extensions>cpp;c;cc;cxx;def;odl;idl;hpj;bat;asm;asmx</Extensions>
    </Filter>
    <Filter Include="Header Files">
      <UniqueIdentifier>{93995380-89BD-4b04-88EB-625FBE52EBFB}</UniqueIdentifier>
      <Extensions>h;hpp;hxx;hm;inl;inc;xsd</Extensions>
    </Filter>
    <Filter Include="Resource Files">
      <UniqueIdentifier>{67DA6AB6-F800-4c08-8B7A-83BB121AAD01}</UniqueIdentifier>
      <Extensions>rc;ico;cur;bmp;dlg;rc2;rct;bin;rgs;gif;jpg;jpeg;jpe;resx;tiff;tif;png;wav;mfcribbon-ms</Extensions>
    </Filter>
    <Filter Include="Header Files\Model">
      <UniqueIdentifier>{d74be68d-8713-486f-b1d3-7d80e4a84361}</UniqueIdentifier>
    </Filter>
    <Filter Include="Source Files\Model">
      <UniqueIdentifier>{cc152bd8-e9ad-4498-b097-c42466758dbc}</UniqueIdentifier>
    </Filter>
    <Filter Include="Header Files\Viewer">
      <UniqueIdentifier>{3ad993ca-4325-45cb-aa01-8b554152534c}</UniqueIdentifier>
    </Filter>
    <Filter Include="Source Files\Viewer">
      <UniqueIdentifier>{b488b6bb-2120-445d-8de5-47420b16eb68}</UniqueIdentifier>
    </Filter>
    <Filter Include="Header Files\Control">
      <UniqueIdentifier>{24ec0cb5-b472-48e4-ad14-cf389bd3d133}</UniqueIdentifier>
    </Filter>
    <Filter Include="Source Files\Control">
      <UniqueIdentifier>{02f35429-0ee3-4101-a4b5-c0951147110c}</UniqueIdentifier>
    </Filter>
    <Filter Include="Header Files\Network">
      <UniqueIdentifier>{c21c7a1a-579e-4632-aa2d-c5587e05fe3c}</UniqueIdentifier>
    </Filter>
    <Filter Include="Source Files\Network">
      <UniqueIdentifier>{9aa60c15-38a3-450e-9dc7-b65998858ae8}</UniqueIdentifier>
    </Filter>
  </ItemGroup>
  <ItemGroup>
    <ClCompile Include="src\GameViewer.cpp">
      <Filter>Source Files\Viewer</Filter>
    </ClCompile>
    <ClCompile Include="src\GamePaintObj.cpp">
      <Filter>Source Files\Viewer</Filter>
    </ClCompile>
    <ClCompile Include="src\GameGetDataObj.cpp">
      <Filter>Source Files\Viewer</Filter>
    </ClCompile>
    <ClCompile Include="src\GameComputing.cpp">
      <Filter>Source Files\Model</Filter>
    </ClCompile>
    <ClCompile Include="src\GameModel.cpp">
      <Filter>Source Files\Model</Filter>
    </ClCompile>
    <ClCompile Include="src\GameObject.cpp">
      <Filter>Source Files\Model</Filter>
    </ClCompile>
    <ClCompile Include="src\GameObject_Player.cpp">
      <Filter>Source Files\Model</Filter>
    </ClCompile>
    <ClCompile Include="src\IdGenerator.cpp">
      <Filter>Source Files\Model</Filter>
    </ClCompile>
    <ClCompile Include="src\Game.cpp">
      <Filter>Source Files</Filter>
    </ClCompile>
    <ClCompile Include="src\GameControl.cpp">
      <Filter>Source Files\Control</Filter>
    </ClCompile>
    <ClCompile Include="src\MultiClassTunnel.cpp">
      <Filter>Source Files</Filter>
    </ClCompile>
    <ClCompile Include="src\GameNetwork.cpp">
      <Filter>Source Files\Network</Filter>
    </ClCompile>
  </ItemGroup>
  <ItemGroup>
    <ClInclude Include="include\Game.h">
      <Filter>Header Files</Filter>
    </ClInclude>
    <ClInclude Include="include\GameObject.h">
      <Filter>Header Files\Model</Filter>
    </ClInclude>
    <ClInclude Include="include\GameModel.h">
      <Filter>Header Files\Model</Filter>
    </ClInclude>
    <ClInclude Include="include\GameComputing.h">
      <Filter>Header Files\Model</Filter>
    </ClInclude>
    <ClInclude Include="include\IdGenerator.h">
      <Filter>Header Files\Model</Filter>
    </ClInclude>
    <ClInclude Include="include\GameViewer.h">
      <Filter>Header Files\Viewer</Filter>
    </ClInclude>
    <ClInclude Include="include\GamePaintObj.h">
      <Filter>Header Files\Viewer</Filter>
    </ClInclude>
    <ClInclude Include="include\GameGetDataObj.h">
      <Filter>Header Files\Viewer</Filter>
    </ClInclude>
    <ClInclude Include="include\GameObject_Player.h">
      <Filter>Header Files\Model</Filter>
    </ClInclude>
    <ClInclude Include="include\GameControl.h">
      <Filter>Header Files\Control</Filter>
    </ClInclude>
    <ClInclude Include="include\MultiClassTunnel.h">
      <Filter>Header Files</Filter>
    </ClInclude>
    <ClInclude Include="include\GameNetwork.h">
      <Filter>Header Files\Network</Filter>
    </ClInclude>
  </ItemGroup>
</Project>